
Microsoft Visual Studio Solution File, Format Version 12.00
# Visual Studio 15
VisualStudioVersion = 15.0.27130.2027
MinimumVisualStudioVersion = 10.0.40219.1
Project("{FAE04EC0-301F-11D3-BF4B-00C04F79EFBC}") = "iTunesRichPresence", "iTunesRichPresence.csproj", "{94C34955-7D65-4F95-8AF9-EA6B14D5A742}"
EndProject
Global
	GlobalSection(SolutionConfigurationPlatforms) = preSolution
		Debug|Any CPU = Debug|Any CPU
		Release|Any CPU = Release|Any CPU
	EndGlobalSection
	GlobalSection(ProjectConfigurationPlatforms) = postSolution
		{94C34955-7D65-4F95-8AF9-EA6B14D5A742}.Debug|Any CPU.ActiveCfg = Debug|Any CPU
		{94C34955-7D65-4F95-8AF9-EA6B14D5A742}.Debug|Any CPU.Build.0 = Debug|Any CPU
		{94C34955-7D65-4F95-8AF9-EA6B14D5A742}.Release|Any CPU.ActiveCfg = Release|Any CPU
		{94C34955-7D65-4F95-8AF9-EA6B14D5A742}.Release|Any CPU.Build.0 = Release|Any CPU
	EndGlobalSection
	GlobalSection(SolutionProperties) = preSolution
		HideSolutionNode = FALSE
	EndGlobalSection
	GlobalSection(ExtensibilityGlobals) = postSolution
		SolutionGuid = {2FB59EB0-A9E8-4E07-A39D-E65C34E1DC30}
	EndGlobalSection
EndGlobal
